# THIS IS AN AUTOGENERATED FILE. DO NOT EDIT THIS FILE DIRECTLY.
# yarn lockfile v1


react-native-popup-menu@^0.16.1:
  version "0.16.1"
  resolved "https://registry.yarnpkg.com/react-native-popup-menu/-/react-native-popup-menu-0.16.1.tgz#b1bb56be5c0838bbc2f532af7b1f554b7ceef566"
  integrity sha512-xRS7mRh0exwu7Iw8PPVHdM11d13A/KzYjy0/fZx3zVtxISxPkNaDGayau6oa7HqO3Nj0oS9ulFCYjcQfG6vahA==
